PODS:
  - Alamofire (4.7.2)
  - DataCache (1.3)
  - SwiftyJSON (4.1.0)

DEPENDENCIES:
  - Alamofire (~> 4.7)
  - DataCache
  - SwiftyJSON (~> 4.0)

SPEC REPOS:
  https://github.com/CocoaPods/Specs.git:
    - Alamofire
    - DataCache
    - SwiftyJSON

SPEC CHECKSUMS:
  Alamofire: e4fa87002c137ba2d8d634d2c51fabcda0d5c223
  DataCache: 1c954742d1fe4507c20ce27bfdbf4d8288f7a21e
  SwiftyJSON: c29297daf073d2aa016295d5809cdd68045c39b3

PODFILE CHECKSUM: 418ed980f1150b6ff6586dbff4cac81fdfe5c01e

COCOAPODS: 1.5.0
